
Microsoft Visual Studio Solution File, Format Version 12.00
# Visual Studio Version 16
VisualStudioVersion = 16.0.31702.278
MinimumVisualStudioVersion = 10.0.40219.1
Project("{FAE04EC0-301F-11D3-BF4B-00C04F79EFBC}") = "B0226497_段昱如_PDPR _Week14_4", "B0226497_段昱如_PDPR _Week14_4.csproj", "{293C2635-255E-4BA5-84CF-9DE99509BE33}"
EndProject
Global
	GlobalSection(SolutionConfigurationPlatforms) = preSolution
		Debug|Any CPU = Debug|Any CPU
		Release|Any CPU = Release|Any CPU
	EndGlobalSection
	GlobalSection(ProjectConfigurationPlatforms) = postSolution
		{293C2635-255E-4BA5-84CF-9DE99509BE33}.Debug|Any CPU.ActiveCfg = Debug|Any CPU
		{293C2635-255E-4BA5-84CF-9DE99509BE33}.Debug|Any CPU.Build.0 = Debug|Any CPU
		{293C2635-255E-4BA5-84CF-9DE99509BE33}.Release|Any CPU.ActiveCfg = Release|Any CPU
		{293C2635-255E-4BA5-84CF-9DE99509BE33}.Release|Any CPU.Build.0 = Release|Any CPU
	EndGlobalSection
	GlobalSection(SolutionProperties) = preSolution
		HideSolutionNode = FALSE
	EndGlobalSection
	GlobalSection(ExtensibilityGlobals) = postSolution
		SolutionGuid = {F3CA90EC-6B9A-4A60-90A4-B20A46342AA6}
	EndGlobalSection
EndGlobal
